
Microsoft Visual Studio Solution File, Format Version 12.00
# Visual Studio Version 16
VisualStudioVersion = 16.0.30804.86
MinimumVisualStudioVersion = 10.0.40219.1
Project("{FAE04EC0-301F-11D3-BF4B-00C04F79EFBC}") = "Betrayer", "Betrayer\Betrayer.csproj", "{227394BD-F479-4C40-9D42-18D6F0DF5F6C}"
EndProject
Global
	GlobalSection(SolutionConfigurationPlatforms) = preSolution
		Debug|Any CPU = Debug|Any CPU
		Release|Any CPU = Release|Any CPU
	EndGlobalSection
	GlobalSection(ProjectConfigurationPlatforms) = postSolution
		{227394BD-F479-4C40-9D42-18D6F0DF5F6C}.Debug|Any CPU.ActiveCfg = Debug|Any CPU
		{227394BD-F479-4C40-9D42-18D6F0DF5F6C}.Debug|Any CPU.Build.0 = Debug|Any CPU
		{227394BD-F479-4C40-9D42-18D6F0DF5F6C}.Release|Any CPU.ActiveCfg = Release|Any CPU
		{227394BD-F479-4C40-9D42-18D6F0DF5F6C}.Release|Any CPU.Build.0 = Release|Any CPU
	EndGlobalSection
	GlobalSection(SolutionProperties) = preSolution
		HideSolutionNode = FALSE
	EndGlobalSection
	GlobalSection(ExtensibilityGlobals) = postSolution
		SolutionGuid = {89FF3F17-0510-4885-95D6-CC89F800B67E}
	EndGlobalSection
EndGlobal
